
Microsoft Visual Studio Solution File, Format Version 12.00
# Visual Studio Version 16
VisualStudioVersion = 16.0.31829.152
MinimumVisualStudioVersion = 10.0.40219.1
Project("{FAE04EC0-301F-11D3-BF4B-00C04F79EFBC}") = "AuctionApp", "AuctionApp\AuctionApp.csproj", "{9CDF5780-85A3-4345-AB16-C844CAC0D285}"
EndProject
Global
	GlobalSection(SolutionConfigurationPlatforms) = preSolution
		Debug|Any CPU = Debug|Any CPU
		Release|Any CPU = Release|Any CPU
	EndGlobalSection
	GlobalSection(ProjectConfigurationPlatforms) = postSolution
		{9CDF5780-85A3-4345-AB16-C844CAC0D285}.Debug|Any CPU.ActiveCfg = Debug|Any CPU
		{9CDF5780-85A3-4345-AB16-C844CAC0D285}.Debug|Any CPU.Build.0 = Debug|Any CPU
		{9CDF5780-85A3-4345-AB16-C844CAC0D285}.Release|Any CPU.ActiveCfg = Release|Any CPU
		{9CDF5780-85A3-4345-AB16-C844CAC0D285}.Release|Any CPU.Build.0 = Release|Any CPU
	EndGlobalSection
	GlobalSection(SolutionProperties) = preSolution
		HideSolutionNode = FALSE
	EndGlobalSection
	GlobalSection(ExtensibilityGlobals) = postSolution
		SolutionGuid = {099EC806-B91A-4495-9E13-AEB86FC28D72}
	EndGlobalSection
EndGlobal
